
Microsoft Visual Studio Solution File, Format Version 12.00
# Visual Studio Version 17
VisualStudioVersion = 17.14.36121.58 d17.14
MinimumVisualStudioVersion = 10.0.40219.1
Project("{FAE04EC0-301F-11D3-BF4B-00C04F79EFBC}") = "DatabaseManagementStudio", "DatabaseManagementStudio.csproj", "{527116B8-540F-4F9E-BF88-7C0284D73C5A}"
EndProject
Global
	GlobalSection(SolutionConfigurationPlatforms) = preSolution
		Debug|Any CPU = Debug|Any CPU
		Release|Any CPU = Release|Any CPU
	EndGlobalSection
	GlobalSection(ProjectConfigurationPlatforms) = postSolution
		{527116B8-540F-4F9E-BF88-7C0284D73C5A}.Debug|Any CPU.ActiveCfg = Debug|Any CPU
		{527116B8-540F-4F9E-BF88-7C0284D73C5A}.Debug|Any CPU.Build.0 = Debug|Any CPU
		{527116B8-540F-4F9E-BF88-7C0284D73C5A}.Release|Any CPU.ActiveCfg = Release|Any CPU
		{527116B8-540F-4F9E-BF88-7C0284D73C5A}.Release|Any CPU.Build.0 = Release|Any CPU
	EndGlobalSection
	GlobalSection(SolutionProperties) = preSolution
		HideSolutionNode = FALSE
	EndGlobalSection
	GlobalSection(ExtensibilityGlobals) = postSolution
		SolutionGuid = {5A135782-2781-48FE-9147-EF722A2BDE21}
	EndGlobalSection
EndGlobal
